// !$*UTF8*$!
{
	archiveVersion = 1;
	classes = {
	};
	objectVersion = 46;
	objects = {

/* Begin PBXBuildFile section */
		49F4CF2D20F17E41006FD6E2 /* AppDelegate.swift in Sources */ = {isa = PBXBuildFile; fileRef = 49F4CF2C20F17E41006FD6E2 /* AppDelegate.swift */; };
		49F4CF2F20F17E41006FD6E2 /* ViewController.swift in Sources */ = {isa = PBXBuildFile; fileRef = 49F4CF2E20F17E41006FD6E2 /* ViewController.swift */; };
		49F4CF3220F17E41006FD6E2 /* Main.storyboard in Resources */ = {isa = PBXBuildFile; fileRef = 49F4CF3020F17E41006FD6E2 /* Main.storyboard */; };
		49F4CF3420F17E41006FD6E2 /* Assets.xcassets in Resources */ = {isa = PBXBuildFile; fileRef = 49F4CF3320F17E41006FD6E2 /* Assets.xcassets */; };
		49F4CF3720F17E41006FD6E2 /* LaunchScreen.storyboard in Resources */ = {isa = PBXBuildFile; fileRef = 49F4CF3520F17E41006FD6E2 /* LaunchScreen.storyboard */; };
		49F4CF4220F17E42006FD6E2 /* CalculateAgeTests.swift in Sources */ = {isa = PBXBuildFile; fileRef = 49F4CF4120F17E42006FD6E2 /* CalculateAgeTests.swift */; };
		49F4CF4D20F17E42006FD6E2 /* CalculateAgeUITests.swift in Sources */ = {isa = PBXBuildFile; fileRef = 49F4CF4C20F17E42006FD6E2 /* CalculateAgeUITests.swift */; };
/* End PBXBuildFile section */

/* Begin PBXContainerItemProxy section */
		49F4CF3E20F17E42006FD6E2 /* PBXContainerItemProxy */ = {
			isa = PBXContainerItemProxy;
			containerPortal = 49F4CF2120F17E41006FD6E2 /* Project object */;
			proxyType = 1;
			remoteGlobalIDString = 49F4CF2820F17E41006FD6E2;
			remoteInfo = CalculateAge;
		};
		49F4CF4920F17E42006FD6E2 /* PBXContainerItemProxy */ = {
			isa = PBXContainerItemProxy;
			containerPortal = 49F4CF2120F17E41006FD6E2 /* Project object */;
			proxyType = 1;
			remoteGlobalIDString = 49F4CF2820F17E41006FD6E2;
			remoteInfo = CalculateAge;
		};
/* End PBXContainerItemProxy section */

/* Begin PBXFileReference section */
		49F4CF2920F17E41006FD6E2 /* CalculateAge.app */ = {isa = PBXFileReference; explicitFileType = wrapper.application; includeInIndex = 0; path = CalculateAge.app; sourceTree = BUILT_PRODUCTS_DIR; };
		49F4CF2C20F17E41006FD6E2 /* AppDelegate.swift */ = {isa = PBXFileReference; lastKnownFileType = sourcecode.swift; path = AppDelegate.swift; sourceTree = "<group>"; };
		49F4CF2E20F17E41006FD6E2 /* ViewController.swift */ = {isa = PBXFileReference; lastKnownFileType = sourcecode.swift; path = ViewController.swift; sourceTree = "<group>"; };
		49F4CF3120F17E41006FD6E2 /* Base */ = {isa = PBXFileReference; lastKnownFileType = file.storyboard; name = Base; path = Base.lproj/Main.storyboard; sourceTree = "<group>"; };
		49F4CF3320F17E41006FD6E2 /* Assets.xcassets */ = {isa = PBXFileReference; lastKnownFileType = folder.assetcatalog; path = Assets.xcassets; sourceTree = "<group>"; };
		49F4CF3620F17E41006FD6E2 /* Base */ = {isa = PBXFileReference; lastKnownFileType = file.storyboard; name = Base; path = Base.lproj/LaunchScreen.storyboard; sourceTree = "<group>"; };
		49F4CF3820F17E41006FD6E2 /* Info.plist */ = {isa = PBXFileReference; lastKnownFileType = text.plist.xml; path = Info.plist; sourceTree = "<group>"; };
		49F4CF3D20F17E42006FD6E2 /* CalculateAgeTests.xctest */ = {isa = PBXFileReference; explicitFileType = wrapper.cfbundle; includeInIndex = 0; path = CalculateAgeTests.xctest; sourceTree = BUILT_PRODUCTS_DIR; };
		49F4CF4120F17E42006FD6E2 /* CalculateAgeTests.swift */ = {isa = PBXFileReference; lastKnownFileType = sourcecode.swift; path = CalculateAgeTests.swift; sourceTree = "<group>"; };
		49F4CF4320F17E42006FD6E2 /* Info.plist */ = {isa = PBXFileReference; lastKnownFileType = text.plist.xml; path = Info.plist; sourceTree = "<group>"; };
		49F4CF4820F17E42006FD6E2 /* CalculateAgeUITests.xctest */ = {isa = PBXFileReference; explicitFileType = wrapper.cfbundle; includeInIndex = 0; path = CalculateAgeUITests.xctest; sourceTree = BUILT_PRODUCTS_DIR; };
		49F4CF4C20F17E42006FD6E2 /* CalculateAgeUITests.swift */ = {isa = PBXFileReference; lastKnownFileType = sourcecode.swift; path = CalculateAgeUITests.swift; sourceTree = "<group>"; };
		49F4CF4E20F17E42006FD6E2 /* Info.plist */ = {isa = PBXFileReference; lastKnownFileType = text.plist.xml; path = Info.plist; sourceTree = "<group>"; };
/* End PBXFileReference section */

/* Begin PBXFrameworksBuildPhase section */
		49F4CF2620F17E41006FD6E2 /* Frameworks */ = {
			isa = PBXFrameworksBuildPhase;
			buildActionMask = 2147483647;
			files = (
			);
			runOnlyForDeploymentPostprocessing = 0;
		};
		49F4CF3A20F17E42006FD6E2 /* Frameworks */ = {
			isa = PBXFrameworksBuildPhase;
			buildActionMask = 2147483647;
			files = (
			);
			runOnlyForDeploymentPostprocessing = 0;
		};
		49F4CF4520F17E42006FD6E2 /* Frameworks */ = {
			isa = PBXFrameworksBuildPhase;
			buildActionMask = 2147483647;
			files = (
			);
			runOnlyForDeploymentPostprocessing = 0;
		};
/* End PBXFrameworksBuildPhase section */

/* Begin PBXGroup section */
		49F4CF2020F17E41006FD6E2 = {
			isa = PBXGroup;
			children = (
				49F4CF2B20F17E41006FD6E2 /* CalculateAge */,
				49F4CF4020F17E42006FD6E2 /* CalculateAgeTests */,
				49F4CF4B20F17E42006FD6E2 /* CalculateAgeUITests */,
				49F4CF2A20F17E41006FD6E2 /* Products */,
			);
			sourceTree = "<group>";
		};
		49F4CF2A20F17E41006FD6E2 /* Products */ = {
			isa = PBXGroup;
			children = (
				49F4CF2920F17E41006FD6E2 /* CalculateAge.app */,
				49F4CF3D20F17E42006FD6E2 /* CalculateAgeTests.xctest */,
				49F4CF4820F17E42006FD6E2 /* CalculateAgeUITests.xctest */,
			);
			name = Products;
			sourceTree = "<group>";
		};
		49F4CF2B20F17E41006FD6E2 /* CalculateAge */ = {
			isa = PBXGroup;
			children = (
				49F4CF2C20F17E41006FD6E2 /* AppDelegate.swift */,
				49F4CF5A20F17EB5006FD6E2 /* Controllers */,
				49F4CF3020F17E41006FD6E2 /* Main.storyboard */,
				49F4CF3320F17E41006FD6E2 /* Assets.xcassets */,
				49F4CF3520F17E41006FD6E2 /* LaunchScreen.storyboard */,
				49F4CF3820F17E41006FD6E2 /* Info.plist */,
			);
			path = CalculateAge;
			sourceTree = "<group>";
		};
		49F4CF4020F17E42006FD6E2 /* CalculateAgeTests */ = {
			isa = PBXGroup;
			children = (
				49F4CF4120F17E42006FD6E2 /* CalculateAgeTests.swift */,
				49F4CF4320F17E42006FD6E2 /* Info.plist */,
			);
			path = CalculateAgeTests;
			sourceTree = "<group>";
		};
		49F4CF4B20F17E42006FD6E2 /* CalculateAgeUITests */ = {
			isa = PBXGroup;
			children = (
				49F4CF4C20F17E42006FD6E2 /* CalculateAgeUITests.swift */,
				49F4CF4E20F17E42006FD6E2 /* Info.plist */,
			);
			path = CalculateAgeUITests;
			sourceTree = "<group>";
		};
		49F4CF5A20F17EB5006FD6E2 /* Controllers */ = {
			isa = PBXGroup;
			children = (
				49F4CF2E20F17E41006FD6E2 /* ViewController.swift */,
			);
			name = Controllers;
			sourceTree = "<group>";
		};
/* End PBXGroup section */

/* Begin PBXNativeTarget section */
		49F4CF2820F17E41006FD6E2 /* CalculateAge */ = {
			isa = PBXNativeTarget;
			buildConfigurationList = 49F4CF5120F17E42006FD6E2 /* Build configuration list for PBXNativeTarget "CalculateAge" */;
			buildPhases = (
				49F4CF2520F17E41006FD6E2 /* Sources */,
				49F4CF2620F17E41006FD6E2 /* Frameworks */,
				49F4CF2720F17E41006FD6E2 /* Resources */,
			);
			buildRules = (
			);
			dependencies = (
			);
			name = CalculateAge;
			productName = CalculateAge;
			productReference = 49F4CF2920F17E41006FD6E2 /* CalculateAge.app */;
			productType = "com.apple.product-type.application";
		};
		49F4CF3C20F17E42006FD6E2 /* CalculateAgeTests */ = {
			isa = PBXNativeTarget;
			buildConfigurationList = 49F4CF5420F17E42006FD6E2 /* Build configuration list for PBXNativeTarget "CalculateAgeTests" */;
			buildPhases = (
				49F4CF3920F17E42006FD6E2 /* Sources */,
				49F4CF3A20F17E42006FD6E2 /* Frameworks */,
				49F4CF3B20F17E42006FD6E2 /* Resources */,
			);
			buildRules = (
			);
			dependencies = (
				49F4CF3F20F17E42006FD6E2 /* PBXTargetDependency */,
			);
			name = CalculateAgeTests;
			productName = CalculateAgeTests;
			productReference = 49F4CF3D20F17E42006FD6E2 /* CalculateAgeTests.xctest */;
			productType = "com.apple.product-type.bundle.unit-test";
		};
		49F4CF4720F17E42006FD6E2 /* CalculateAgeUITests */ = {
			isa = PBXNativeTarget;
			buildConfigurationList = 49F4CF5720F17E42006FD6E2 /* Build configuration list for PBXNativeTarget "CalculateAgeUITests" */;
			buildPhases = (
				49F4CF4420F17E42006FD6E2 /* Sources */,
				49F4CF4520F17E42006FD6E2 /* Frameworks */,
				49F4CF4620F17E42006FD6E2 /* Resources */,
			);
			buildRules = (
			);
			dependencies = (
				49F4CF4A20F17E42006FD6E2 /* PBXTargetDependency */,
			);
			name = CalculateAgeUITests;
			productName = CalculateAgeUITests;
			productReference = 49F4CF4820F17E42006FD6E2 /* CalculateAgeUITests.xctest */;
			productType = "com.apple.product-type.bundle.ui-testing";
		};
/* End PBXNativeTarget section */

/* Begin PBXProject section */
		49F4CF2120F17E41006FD6E2 /* Project object */ = {
			isa = PBXProject;
			attributes = {
				LastSwiftUpdateCheck = 0830;
				LastUpgradeCheck = 0830;
				ORGANIZATIONNAME = "Salwa Hegazy";
				TargetAttributes = {
					49F4CF2820F17E41006FD6E2 = {
						CreatedOnToolsVersion = 8.3.3;
						ProvisioningStyle = Automatic;
					};
					49F4CF3C20F17E42006FD6E2 = {
						CreatedOnToolsVersion = 8.3.3;
						ProvisioningStyle = Automatic;
						TestTargetID = 49F4CF2820F17E41006FD6E2;
					};
					49F4CF4720F17E42006FD6E2 = {
						CreatedOnToolsVersion = 8.3.3;
						ProvisioningStyle = Automatic;
						TestTargetID = 49F4CF2820F17E41006FD6E2;
					};
				};
			};
			buildConfigurationList = 49F4CF2420F17E41006FD6E2 /* Build configuration list for PBXProject "CalculateAge" */;
			compatibilityVersion = "Xcode 3.2";
			developmentRegion = English;
			hasScannedForEncodings = 0;
			knownRegions = (
				en,
				Base,
			);
			mainGroup = 49F4CF2020F17E41006FD6E2;
			productRefGroup = 49F4CF2A20F17E41006FD6E2 /* Products */;
			projectDirPath = "";
			projectRoot = "";
			targets = (
				49F4CF2820F17E41006FD6E2 /* CalculateAge */,
				49F4CF3C20F17E42006FD6E2 /* CalculateAgeTests */,
				49F4CF4720F17E42006FD6E2 /* CalculateAgeUITests */,
			);
		};
/* End PBXProject section */

/* Begin PBXResourcesBuildPhase section */
		49F4CF2720F17E41006FD6E2 /* Resources */ = {
			isa = PBXResourcesBuildPhase;
			buildActionMask = 2147483647;
			files = (
				49F4CF3720F17E41006FD6E2 /* LaunchScreen.storyboard in Resources */,
				49F4CF3420F17E41006FD6E2 /* Assets.xcassets in Resources */,
				49F4CF3220F17E41006FD6E2 /* Main.storyboard in Resources */,
			);
			runOnlyForDeploymentPostprocessing = 0;
		};
		49F4CF3B20F17E42006FD6E2 /* Resources */ = {
			isa = PBXResourcesBuildPhase;
			buildActionMask = 2147483647;
			files = (
			);
			runOnlyForDeploymentPostprocessing = 0;
		};
		49F4CF4620F17E42006FD6E2 /* Resources */ = {
			isa = PBXResourcesBuildPhase;
			buildActionMask = 2147483647;
			files = (
			);
			runOnlyForDeploymentPostprocessing = 0;
		};
/* End PBXResourcesBuildPhase section */

/* Begin PBXSourcesBuildPhase section */
		49F4CF2520F17E41006FD6E2 /* Sources */ = {
			isa = PBXSourcesBuildPhase;
			buildActionMask = 2147483647;
			files = (
				49F4CF2F20F17E41006FD6E2 /* ViewController.swift in Sources */,
				49F4CF2D20F17E41006FD6E2 /* AppDelegate.swift in Sources */,
			);
			runOnlyForDeploymentPostprocessing = 0;
		};
		49F4CF3920F17E42006FD6E2 /* Sources */ = {
			isa = PBXSourcesBuildPhase;
			buildActionMask = 2147483647;
			files = (
				49F4CF4220F17E42006FD6E2 /* CalculateAgeTests.swift in Sources */,
			);
			runOnlyForDeploymentPostprocessing = 0;
		};
		49F4CF4420F17E42006FD6E2 /* Sources */ = {
			isa = PBXSourcesBuildPhase;
			buildActionMask = 2147483647;
			files = (
				49F4CF4D20F17E42006FD6E2 /* CalculateAgeUITests.swift in Sources */,
			);
			runOnlyForDeploymentPostprocessing = 0;
		};
/* End PBXSourcesBuildPhase section */

/* Begin PBXTargetDependency section */
		49F4CF3F20F17E42006FD6E2 /* PBXTargetDependency */ = {
			isa = PBXTargetDependency;
			target = 49F4CF2820F17E41006FD6E2 /* CalculateAge */;
			targetProxy = 49F4CF3E20F17E42006FD6E2 /* PBXContainerItemProxy */;
		};
		49F4CF4A20F17E42006FD6E2 /* PBXTargetDependency */ = {
			isa = PBXTargetDependency;
			target = 49F4CF2820F17E41006FD6E2 /* CalculateAge */;
			targetProxy = 49F4CF4920F17E42006FD6E2 /* PBXContainerItemProxy */;
		};
/* End PBXTargetDependency section */

/* Begin PBXVariantGroup section */
		49F4CF3020F17E41006FD6E2 /* Main.storyboard */ = {
			isa = PBXVariantGroup;
			children = (
				49F4CF3120F17E41006FD6E2 /* Base */,
			);
			name = Main.storyboard;
			sourceTree = "<group>";
		};
		49F4CF3520F17E41006FD6E2 /* LaunchScreen.storyboard */ = {
			isa = PBXVariantGroup;
			children = (
				49F4CF3620F17E41006FD6E2 /* Base */,
			);
			name = LaunchScreen.storyboard;
			sourceTree = "<group>";
		};
/* End PBXVariantGroup section */

/* Begin XCBuildConfiguration section */
		49F4CF4F20F17E42006FD6E2 /* Debug */ = {
			isa = XCBuildConfiguration;
			buildSettings = {
				ALWAYS_SEARCH_USER_PATHS = NO;
				CLANG_ANALYZER_NONNULL = YES;
				CLANG_ANALYZER_NUMBER_OBJECT_CONVERSION = YES_AGGRESSIVE;
				CLANG_CXX_LANGUAGE_STANDARD = "gnu++0x";
				CLANG_CXX_LIBRARY = "libc++";
				CLANG_ENABLE_MODULES = YES;
				CLANG_ENABLE_OBJC_ARC = YES;
				CLANG_WARN_BOOL_CONVERSION = YES;
				CLANG_WARN_CONSTANT_CONVERSION = YES;
				CLANG_WARN_DIRECT_OBJC_ISA_USAGE = YES_ERROR;
				CLANG_WARN_DOCUMENTATION_COMMENTS = YES;
				CLANG_WARN_EMPTY_BODY = YES;
				CLANG_WARN_ENUM_CONVERSION = YES;
				CLANG_WARN_INFINITE_RECURSION = YES;
				CLANG_WARN_INT_CONVERSION = YES;
				CLANG_WARN_OBJC_ROOT_CLASS = YES_ERROR;
				CLANG_WARN_SUSPICIOUS_MOVE = YES;
				CLANG_WARN_UNREACHABLE_CODE = YES;
				CLANG_WARN__DUPLICATE_METHOD_MATCH = YES;
				"CODE_SIGN_IDENTITY[sdk=iphoneos*]" = "iPhone Developer";
				COPY_PHASE_STRIP = NO;
				DEBUG_INFORMATION_FORMAT = dwarf;
				ENABLE_STRICT_OBJC_MSGSEND = YES;
				ENABLE_TESTABILITY = YES;
				GCC_C_LANGUAGE_STANDARD = gnu99;
				GCC_DYNAMIC_NO_PIC = NO;
				GCC_NO_COMMON_BLOCKS = YES;
				GCC_OPTIMIZATION_LEVEL = 0;
				GCC_PREPROCESSOR_DEFINITIONS = (
					"DEBUG=1",
					"$(inherited)",
				);
				GCC_WARN_64_TO_32_BIT_CONVERSION = YES;
				GCC_WARN_ABOUT_RETURN_TYPE = YES_ERROR;
				GCC_WARN_UNDECLARED_SELECTOR = YES;
				GCC_WARN_UNINITIALIZED_AUTOS = YES_AGGRESSIVE;
				GCC_WARN_UNUSED_FUNCTION = YES;
				GCC_WARN_UNUSED_VARIABLE = YES;
				IPHONEOS_DEPLOYMENT_TARGET = 10.3;
				MTL_ENABLE_DEBUG_INFO = YES;
				ONLY_ACTIVE_ARCH = YES;
				SDKROOT = iphoneos;
				SWIFT_ACTIVE_COMPILATION_CONDITIONS = DEBUG;
				SWIFT_OPTIMIZATION_LEVEL = "-Onone";
				TARGETED_DEVICE_FAMILY = "1,2";
			};
			name = Debug;
		};
		49F4CF5020F17E42006FD6E2 /* Release */ = {
			isa = XCBuildConfiguration;
			buildSettings = {
				ALWAYS_SEARCH_USER_PATHS = NO;
				CLANG_ANALYZER_NONNULL = YES;
				CLANG_ANALYZER_NUMBER_OBJECT_CONVERSION = YES_AGGRESSIVE;
				CLANG_CXX_LANGUAGE_STANDARD = "gnu++0x";
				CLANG_CXX_LIBRARY = "libc++";
				CLANG_ENABLE_MODULES = YES;
				CLANG_ENABLE_OBJC_ARC = YES;
				CLANG_WARN_BOOL_CONVERSION = YES;
				CLANG_WARN_CONSTANT_CONVERSION = YES;
				CLANG_WARN_DIRECT_OBJC_ISA_USAGE = YES_ERROR;
				CLANG_WARN_DOCUMENTATION_COMMENTS = YES;
				CLANG_WARN_EMPTY_BODY = YES;
				CLANG_WARN_ENUM_CONVERSION = YES;
				CLANG_WARN_INFINITE_RECURSION = YES;
				CLANG_WARN_INT_CONVERSION = YES;
				CLANG_WARN_OBJC_ROOT_CLASS = YES_ERROR;
				CLANG_WARN_SUSPICIOUS_MOVE = YES;
				CLANG_WARN_UNREACHABLE_CODE = YES;
				CLANG_WARN__DUPLICATE_METHOD_MATCH = YES;
				"CODE_SIGN_IDENTITY[sdk=iphoneos*]" = "iPhone Developer";
				COPY_PHASE_STRIP = NO;
				DEBUG_INFORMATION_FORMAT = "dwarf-with-dsym";
				ENABLE_NS_ASSERTIONS = NO;
				ENABLE_STRICT_OBJC_MSGSEND = YES;
				GCC_C_LANGUAGE_STANDARD = gnu99;
				GCC_NO_COMMON_BLOCKS = YES;
				GCC_WARN_64_TO_32_BIT_CONVERSION = YES;
				GCC_WARN_ABOUT_RETURN_TYPE = YES_ERROR;
				GCC_WARN_UNDECLARED_SELECTOR = YES;
				GCC_WARN_UNINITIALIZED_AUTOS = YES_AGGRESSIVE;
				GCC_WARN_UNUSED_FUNCTION = YES;
				GCC_WARN_UNUSED_VARIABLE = YES;
				IPHONEOS_DEPLOYMENT_TARGET = 10.3;
				MTL_ENABLE_DEBUG_INFO = NO;
				SDKROOT = iphoneos;
				SWIFT_OPTIMIZATION_LEVEL = "-Owholemodule";
				TARGETED_DEVICE_FAMILY = "1,2";
				VALIDATE_PRODUCT = YES;
			};
			name = Release;
		};
		49F4CF5220F17E42006FD6E2 /* Debug */ = {
			isa = XCBuildConfiguration;
			buildSettings = {
				ASSETCATALOG_COMPILER_APPICON_NAME = AppIcon;
				INFOPLIST_FILE = CalculateAge/Info.plist;
				LD_RUNPATH_SEARCH_PATHS = "$(inherited) @executable_path/Frameworks";
				PRODUCT_BUNDLE_IDENTIFIER = com.SalwaHegazy.CalculateAge;
				PRODUCT_NAME = "$(TARGET_NAME)";
				SWIFT_VERSION = 3.0;
			};
			name = Debug;
		};
		49F4CF5320F17E42006FD6E2 /* Release */ = {
			isa = XCBuildConfiguration;
			buildSettings = {
				ASSETCATALOG_COMPILER_APPICON_NAME = AppIcon;
				INFOPLIST_FILE = CalculateAge/Info.plist;
				LD_RUNPATH_SEARCH_PATHS = "$(inherited) @executable_path/Frameworks";
				PRODUCT_BUNDLE_IDENTIFIER = com.SalwaHegazy.CalculateAge;
				PRODUCT_NAME = "$(TARGET_NAME)";
				SWIFT_VERSION = 3.0;
			};
			name = Release;
		};
		49F4CF5520F17E42006FD6E2 /* Debug */ = {
			isa = XCBuildConfiguration;
			buildSettings = {
				ALWAYS_EMBED_SWIFT_STANDARD_LIBRARIES = YES;
				BUNDLE_LOADER = "$(TEST_HOST)";
				INFOPLIST_FILE = CalculateAgeTests/Info.plist;
				LD_RUNPATH_SEARCH_PATHS = "$(inherited) @executable_path/Frameworks @loader_path/Frameworks";
				PRODUCT_BUNDLE_IDENTIFIER = com.SalwaHegazy.CalculateAgeTests;
				PRODUCT_NAME = "$(TARGET_NAME)";
				SWIFT_VERSION = 3.0;
				TEST_HOST = "$(BUILT_PRODUCTS_DIR)/CalculateAge.app/CalculateAge";
			};
			name = Debug;
		};
		49F4CF5620F17E42006FD6E2 /* Release */ = {
			isa = XCBuildConfiguration;
			buildSettings = {
				ALWAYS_EMBED_SWIFT_STANDARD_LIBRARIES = YES;
				BUNDLE_LOADER = "$(TEST_HOST)";
				INFOPLIST_FILE = CalculateAgeTests/Info.plist;
				LD_RUNPATH_SEARCH_PATHS = "$(inherited) @executable_path/Frameworks @loader_path/Frameworks";
				PRODUCT_BUNDLE_IDENTIFIER = com.SalwaHegazy.CalculateAgeTests;
				PRODUCT_NAME = "$(TARGET_NAME)";
				SWIFT_VERSION = 3.0;
				TEST_HOST = "$(BUILT_PRODUCTS_DIR)/CalculateAge.app/CalculateAge";
			};
			name = Release;
		};
		49F4CF5820F17E42006FD6E2 /* Debug */ = {
			isa = XCBuildConfiguration;
			buildSettings = {
				ALWAYS_EMBED_SWIFT_STANDARD_LIBRARIES = YES;
				INFOPLIST_FILE = CalculateAgeUITests/Info.plist;
				LD_RUNPATH_SEARCH_PATHS = "$(inherited) @executable_path/Frameworks @loader_path/Frameworks";
				PRODUCT_BUNDLE_IDENTIFIER = com.SalwaHegazy.CalculateAgeUITests;
				PRODUCT_NAME = "$(TARGET_NAME)";
				SWIFT_VERSION = 3.0;
				TEST_TARGET_NAME = CalculateAge;
			};
			name = Debug;
		};
		49F4CF5920F17E42006FD6E2 /* Release */ = {
			isa = XCBuildConfiguration;
			buildSettings = {
				ALWAYS_EMBED_SWIFT_STANDARD_LIBRARIES = YES;
				INFOPLIST_FILE = CalculateAgeUITests/Info.plist;
				LD_RUNPATH_SEARCH_PATHS = "$(inherited) @executable_path/Frameworks @loader_path/Frameworks";
				PRODUCT_BUNDLE_IDENTIFIER = com.SalwaHegazy.CalculateAgeUITests;
				PRODUCT_NAME = "$(TARGET_NAME)";
				SWIFT_VERSION = 3.0;
				TEST_TARGET_NAME = CalculateAge;
			};
			name = Release;
		};
/* End XCBuildConfiguration section */

/* Begin XCConfigurationList section */
		49F4CF2420F17E41006FD6E2 /* Build configuration list for PBXProject "CalculateAge" */ = {
			isa = XCConfigurationList;
			buildConfigurations = (
				49F4CF4F20F17E42006FD6E2 /* Debug */,
				49F4CF5020F17E42006FD6E2 /* Release */,
			);
			defaultConfigurationIsVisible = 0;
			defaultConfigurationName = Release;
		};
		49F4CF5120F17E42006FD6E2 /* Build configuration list for PBXNativeTarget "CalculateAge" */ = {
			isa = XCConfigurationList;
			buildConfigurations = (
				49F4CF5220F17E42006FD6E2 /* Debug */,
				49F4CF5320F17E42006FD6E2 /* Release */,
			);
			defaultConfigurationIsVisible = 0;
			defaultConfigurationName = Release;
		};
		49F4CF5420F17E42006FD6E2 /* Build configuration list for PBXNativeTarget "CalculateAgeTests" */ = {
			isa = XCConfigurationList;
			buildConfigurations = (
				49F4CF5520F17E42006FD6E2 /* Debug */,
				49F4CF5620F17E42006FD6E2 /* Release */,
			);
			defaultConfigurationIsVisible = 0;
			defaultConfigurationName = Release;
		};
		49F4CF5720F17E42006FD6E2 /* Build configuration list for PBXNativeTarget "CalculateAgeUITests" */ = {
			isa = XCConfigurationList;
			buildConfigurations = (
				49F4CF5820F17E42006FD6E2 /* Debug */,
				49F4CF5920F17E42006FD6E2 /* Release */,
			);
			defaultConfigurationIsVisible = 0;
			defaultConfigurationName = Release;
		};
/* End XCConfigurationList section */
	};
	rootObject = 49F4CF2120F17E41006FD6E2 /* Project object */;
}
